// !$*UTF8*$!
{
	archiveVersion = 1;
	classes = {
	};
	objectVersion = 46;
	objects = {

/* Begin PBXBuildFile section */
		E66CB84F1B3B0D7500BF0231 /* AppDelegate.swift in Sources */ = {isa = PBXBuildFile; fileRef = E66CB84E1B3B0D7500BF0231 /* AppDelegate.swift */; };
		E66CB8511B3B0D7500BF0231 /* ViewController.swift in Sources */ = {isa = PBXBuildFile; fileRef = E66CB8501B3B0D7500BF0231 /* ViewController.swift */; };
		E66CB8541B3B0D7500BF0231 /* Main.storyboard in Resources */ = {isa = PBXBuildFile; fileRef = E66CB8521B3B0D7500BF0231 /* Main.storyboard */; };
		E66CB8561B3B0D7500BF0231 /* Images.xcassets in Resources */ = {isa = PBXBuildFile; fileRef = E66CB8551B3B0D7500BF0231 /* Images.xcassets */; };
		E66CB8591B3B0D7500BF0231 /* LaunchScreen.xib in Resources */ = {isa = PBXBuildFile; fileRef = E66CB8571B3B0D7500BF0231 /* LaunchScreen.xib */; };
		E66CB8651B3B0D7500BF0231 /* StormyTests.swift in Sources */ = {isa = PBXBuildFile; fileRef = E66CB8641B3B0D7500BF0231 /* StormyTests.swift */; };
		E66CB8711B3B0FD900BF0231 /* CurrentWeather.plist in Resources */ = {isa = PBXBuildFile; fileRef = E66CB8701B3B0FD900BF0231 /* CurrentWeather.plist */; };
		E66CB8731B3B106000BF0231 /* CurrentWeather.swift in Sources */ = {isa = PBXBuildFile; fileRef = E66CB8721B3B106000BF0231 /* CurrentWeather.swift */; };
/* End PBXBuildFile section */

/* Begin PBXContainerItemProxy section */
		E66CB85F1B3B0D7500BF0231 /* PBXContainerItemProxy */ = {
			isa = PBXContainerItemProxy;
			containerPortal = E66CB8411B3B0D7500BF0231 /* Project object */;
			proxyType = 1;
			remoteGlobalIDString = E66CB8481B3B0D7500BF0231;
			remoteInfo = Stormy;
		};
/* End PBXContainerItemProxy section */

/* Begin PBXFileReference section */
		E66CB8491B3B0D7500BF0231 /* Stormy.app */ = {isa = PBXFileReference; explicitFileType = wrapper.application; includeInIndex = 0; path = Stormy.app; sourceTree = BUILT_PRODUCTS_DIR; };
		E66CB84D1B3B0D7500BF0231 /* Info.plist */ = {isa = PBXFileReference; lastKnownFileType = text.plist.xml; path = Info.plist; sourceTree = "<group>"; };
		E66CB84E1B3B0D7500BF0231 /* AppDelegate.swift */ = {isa = PBXFileReference; lastKnownFileType = sourcecode.swift; path = AppDelegate.swift; sourceTree = "<group>"; };
		E66CB8501B3B0D7500BF0231 /* ViewController.swift */ = {isa = PBXFileReference; lastKnownFileType = sourcecode.swift; path = ViewController.swift; sourceTree = "<group>"; };
		E66CB8531B3B0D7500BF0231 /* Base */ = {isa = PBXFileReference; lastKnownFileType = file.storyboard; name = Base; path = Base.lproj/Main.storyboard; sourceTree = "<group>"; };
		E66CB8551B3B0D7500BF0231 /* Images.xcassets */ = {isa = PBXFileReference; lastKnownFileType = folder.assetcatalog; path = Images.xcassets; sourceTree = "<group>"; };
		E66CB8581B3B0D7500BF0231 /* Base */ = {isa = PBXFileReference; lastKnownFileType = file.xib; name = Base; path = Base.lproj/LaunchScreen.xib; sourceTree = "<group>"; };
		E66CB85E1B3B0D7500BF0231 /* StormyTests.xctest */ = {isa = PBXFileReference; explicitFileType = wrapper.cfbundle; includeInIndex = 0; path = StormyTests.xctest; sourceTree = BUILT_PRODUCTS_DIR; };
		E66CB8631B3B0D7500BF0231 /* Info.plist */ = {isa = PBXFileReference; lastKnownFileType = text.plist.xml; path = Info.plist; sourceTree = "<group>"; };
		E66CB8641B3B0D7500BF0231 /* StormyTests.swift */ = {isa = PBXFileReference; lastKnownFileType = sourcecode.swift; path = StormyTests.swift; sourceTree = "<group>"; };
		E66CB8701B3B0FD900BF0231 /* CurrentWeather.plist */ = {isa = PBXFileReference; fileEncoding = 4; lastKnownFileType = text.plist.xml; name = CurrentWeather.plist; path = ../../../../Desktop/CurrentWeather.plist; sourceTree = "<group>"; };
		E66CB8721B3B106000BF0231 /* CurrentWeather.swift */ = {isa = PBXFileReference; fileEncoding = 4; lastKnownFileType = sourcecode.swift; path = CurrentWeather.swift; sourceTree = "<group>"; };
		E66CB8741B3B157900BF0231 /* scratchPad.playground */ = {isa = PBXFileReference; lastKnownFileType = file.playground; path = scratchPad.playground; sourceTree = "<group>"; };
/* End PBXFileReference section */

/* Begin PBXFrameworksBuildPhase section */
		E66CB8461B3B0D7500BF0231 /* Frameworks */ = {
			isa = PBXFrameworksBuildPhase;
			buildActionMask = 2147483647;
			files = (
			);
			runOnlyForDeploymentPostprocessing = 0;
		};
		E66CB85B1B3B0D7500BF0231 /* Frameworks */ = {
			isa = PBXFrameworksBuildPhase;
			buildActionMask = 2147483647;
			files = (
			);
			runOnlyForDeploymentPostprocessing = 0;
		};
/* End PBXFrameworksBuildPhase section */

/* Begin PBXGroup section */
		E66CB8401B3B0D7500BF0231 = {
			isa = PBXGroup;
			children = (
				E66CB84B1B3B0D7500BF0231 /* Stormy */,
				E66CB8611B3B0D7500BF0231 /* StormyTests */,
				E66CB84A1B3B0D7500BF0231 /* Products */,
			);
			sourceTree = "<group>";
		};
		E66CB84A1B3B0D7500BF0231 /* Products */ = {
			isa = PBXGroup;
			children = (
				E66CB8491B3B0D7500BF0231 /* Stormy.app */,
				E66CB85E1B3B0D7500BF0231 /* StormyTests.xctest */,
			);
			name = Products;
			sourceTree = "<group>";
		};
		E66CB84B1B3B0D7500BF0231 /* Stormy */ = {
			isa = PBXGroup;
			children = (
				E66CB84E1B3B0D7500BF0231 /* AppDelegate.swift */,
				E66CB8501B3B0D7500BF0231 /* ViewController.swift */,
				E66CB8721B3B106000BF0231 /* CurrentWeather.swift */,
				E66CB8521B3B0D7500BF0231 /* Main.storyboard */,
				E66CB8551B3B0D7500BF0231 /* Images.xcassets */,
				E66CB8571B3B0D7500BF0231 /* LaunchScreen.xib */,
				E66CB84C1B3B0D7500BF0231 /* Supporting Files */,
				E66CB8741B3B157900BF0231 /* scratchPad.playground */,
			);
			path = Stormy;
			sourceTree = "<group>";
		};
		E66CB84C1B3B0D7500BF0231 /* Supporting Files */ = {
			isa = PBXGroup;
			children = (
				E66CB8701B3B0FD900BF0231 /* CurrentWeather.plist */,
				E66CB84D1B3B0D7500BF0231 /* Info.plist */,
			);
			name = "Supporting Files";
			sourceTree = "<group>";
		};
		E66CB8611B3B0D7500BF0231 /* StormyTests */ = {
			isa = PBXGroup;
			children = (
				E66CB8641B3B0D7500BF0231 /* StormyTests.swift */,
				E66CB8621B3B0D7500BF0231 /* Supporting Files */,
			);
			path = StormyTests;
			sourceTree = "<group>";
		};
		E66CB8621B3B0D7500BF0231 /* Supporting Files */ = {
			isa = PBXGroup;
			children = (
				E66CB8631B3B0D7500BF0231 /* Info.plist */,
			);
			name = "Supporting Files";
			sourceTree = "<group>";
		};
/* End PBXGroup section */

/* Begin PBXNativeTarget section */
		E66CB8481B3B0D7500BF0231 /* Stormy */ = {
			isa = PBXNativeTarget;
			buildConfigurationList = E66CB8681B3B0D7500BF0231 /* Build configuration list for PBXNativeTarget "Stormy" */;
			buildPhases = (
				E66CB8451B3B0D7500BF0231 /* Sources */,
				E66CB8461B3B0D7500BF0231 /* Frameworks */,
				E66CB8471B3B0D7500BF0231 /* Resources */,
			);
			buildRules = (
			);
			dependencies = (
			);
			name = Stormy;
			productName = Stormy;
			productReference = E66CB8491B3B0D7500BF0231 /* Stormy.app */;
			productType = "com.apple.product-type.application";
		};
		E66CB85D1B3B0D7500BF0231 /* StormyTests */ = {
			isa = PBXNativeTarget;
			buildConfigurationList = E66CB86B1B3B0D7500BF0231 /* Build configuration list for PBXNativeTarget "StormyTests" */;
			buildPhases = (
				E66CB85A1B3B0D7500BF0231 /* Sources */,
				E66CB85B1B3B0D7500BF0231 /* Frameworks */,
				E66CB85C1B3B0D7500BF0231 /* Resources */,
			);
			buildRules = (
			);
			dependencies = (
				E66CB8601B3B0D7500BF0231 /* PBXTargetDependency */,
			);
			name = StormyTests;
			productName = StormyTests;
			productReference = E66CB85E1B3B0D7500BF0231 /* StormyTests.xctest */;
			productType = "com.apple.product-type.bundle.unit-test";
		};
/* End PBXNativeTarget section */

/* Begin PBXProject section */
		E66CB8411B3B0D7500BF0231 /* Project object */ = {
			isa = PBXProject;
			attributes = {
				LastUpgradeCheck = 0630;
				ORGANIZATIONNAME = com.mbellingrath;
				TargetAttributes = {
					E66CB8481B3B0D7500BF0231 = {
						CreatedOnToolsVersion = 6.3;
					};
					E66CB85D1B3B0D7500BF0231 = {
						CreatedOnToolsVersion = 6.3;
						TestTargetID = E66CB8481B3B0D7500BF0231;
					};
				};
			};
			buildConfigurationList = E66CB8441B3B0D7500BF0231 /* Build configuration list for PBXProject "Stormy" */;
			compatibilityVersion = "Xcode 3.2";
			developmentRegion = English;
			hasScannedForEncodings = 0;
			knownRegions = (
				en,
				Base,
			);
			mainGroup = E66CB8401B3B0D7500BF0231;
			productRefGroup = E66CB84A1B3B0D7500BF0231 /* Products */;
			projectDirPath = "";
			projectRoot = "";
			targets = (
				E66CB8481B3B0D7500BF0231 /* Stormy */,
				E66CB85D1B3B0D7500BF0231 /* StormyTests */,
			);
		};
/* End PBXProject section */

/* Begin PBXResourcesBuildPhase section */
		E66CB8471B3B0D7500BF0231 /* Resources */ = {
			isa = PBXResourcesBuildPhase;
			buildActionMask = 2147483647;
			files = (
				E66CB8541B3B0D7500BF0231 /* Main.storyboard in Resources */,
				E66CB8711B3B0FD900BF0231 /* CurrentWeather.plist in Resources */,
				E66CB8591B3B0D7500BF0231 /* LaunchScreen.xib in Resources */,
				E66CB8561B3B0D7500BF0231 /* Images.xcassets in Resources */,
			);
			runOnlyForDeploymentPostprocessing = 0;
		};
		E66CB85C1B3B0D7500BF0231 /* Resources */ = {
			isa = PBXResourcesBuildPhase;
			buildActionMask = 2147483647;
			files = (
			);
			runOnlyForDeploymentPostprocessing = 0;
		};
/* End PBXResourcesBuildPhase section */

/* Begin PBXSourcesBuildPhase section */
		E66CB8451B3B0D7500BF0231 /* Sources */ = {
			isa = PBXSourcesBuildPhase;
			buildActionMask = 2147483647;
			files = (
				E66CB8511B3B0D7500BF0231 /* ViewController.swift in Sources */,
				E66CB8731B3B106000BF0231 /* CurrentWeather.swift in Sources */,
				E66CB84F1B3B0D7500BF0231 /* AppDelegate.swift in Sources */,
			);
			runOnlyForDeploymentPostprocessing = 0;
		};
		E66CB85A1B3B0D7500BF0231 /* Sources */ = {
			isa = PBXSourcesBuildPhase;
			buildActionMask = 2147483647;
			files = (
				E66CB8651B3B0D7500BF0231 /* StormyTests.swift in Sources */,
			);
			runOnlyForDeploymentPostprocessing = 0;
		};
/* End PBXSourcesBuildPhase section */

/* Begin PBXTargetDependency section */
		E66CB8601B3B0D7500BF0231 /* PBXTargetDependency */ = {
			isa = PBXTargetDependency;
			target = E66CB8481B3B0D7500BF0231 /* Stormy */;
			targetProxy = E66CB85F1B3B0D7500BF0231 /* PBXContainerItemProxy */;
		};
/* End PBXTargetDependency section */

/* Begin PBXVariantGroup section */
		E66CB8521B3B0D7500BF0231 /* Main.storyboard */ = {
			isa = PBXVariantGroup;
			children = (
				E66CB8531B3B0D7500BF0231 /* Base */,
			);
			name = Main.storyboard;
			sourceTree = "<group>";
		};
		E66CB8571B3B0D7500BF0231 /* LaunchScreen.xib */ = {
			isa = PBXVariantGroup;
			children = (
				E66CB8581B3B0D7500BF0231 /* Base */,
			);
			name = LaunchScreen.xib;
			sourceTree = "<group>";
		};
/* End PBXVariantGroup section */

/* Begin XCBuildConfiguration section */
		E66CB8661B3B0D7500BF0231 /* Debug */ = {
			isa = XCBuildConfiguration;
			buildSettings = {
				ALWAYS_SEARCH_USER_PATHS = NO;
				CLANG_CXX_LANGUAGE_STANDARD = "gnu++0x";
				CLANG_CXX_LIBRARY = "libc++";
				CLANG_ENABLE_MODULES = YES;
				CLANG_ENABLE_OBJC_ARC = YES;
				CLANG_WARN_BOOL_CONVERSION = YES;
				CLANG_WARN_CONSTANT_CONVERSION = YES;
				CLANG_WARN_DIRECT_OBJC_ISA_USAGE = YES_ERROR;
				CLANG_WARN_EMPTY_BODY = YES;
				CLANG_WARN_ENUM_CONVERSION = YES;
				CLANG_WARN_INT_CONVERSION = YES;
				CLANG_WARN_OBJC_ROOT_CLASS = YES_ERROR;
				CLANG_WARN_UNREACHABLE_CODE = YES;
				CLANG_WARN__DUPLICATE_METHOD_MATCH = YES;
				"CODE_SIGN_IDENTITY[sdk=iphoneos*]" = "iPhone Developer";
				COPY_PHASE_STRIP = NO;
				DEBUG_INFORMATION_FORMAT = "dwarf-with-dsym";
				ENABLE_STRICT_OBJC_MSGSEND = YES;
				GCC_C_LANGUAGE_STANDARD = gnu99;
				GCC_DYNAMIC_NO_PIC = NO;
				GCC_NO_COMMON_BLOCKS = YES;
				GCC_OPTIMIZATION_LEVEL = 0;
				GCC_PREPROCESSOR_DEFINITIONS = (
					"DEBUG=1",
					"$(inherited)",
				);
				GCC_SYMBOLS_PRIVATE_EXTERN = NO;
				GCC_WARN_64_TO_32_BIT_CONVERSION = YES;
				GCC_WARN_ABOUT_RETURN_TYPE = YES_ERROR;
				GCC_WARN_UNDECLARED_SELECTOR = YES;
				GCC_WARN_UNINITIALIZED_AUTOS = YES_AGGRESSIVE;
				GCC_WARN_UNUSED_FUNCTION = YES;
				GCC_WARN_UNUSED_VARIABLE = YES;
				IPHONEOS_DEPLOYMENT_TARGET = 8.3;
				MTL_ENABLE_DEBUG_INFO = YES;
				ONLY_ACTIVE_ARCH = YES;
				SDKROOT = iphoneos;
				SWIFT_OPTIMIZATION_LEVEL = "-Onone";
			};
			name = Debug;
		};
		E66CB8671B3B0D7500BF0231 /* Release */ = {
			isa = XCBuildConfiguration;
			buildSettings = {
				ALWAYS_SEARCH_USER_PATHS = NO;
				CLANG_CXX_LANGUAGE_STANDARD = "gnu++0x";
				CLANG_CXX_LIBRARY = "libc++";
				CLANG_ENABLE_MODULES = YES;
				CLANG_ENABLE_OBJC_ARC = YES;
				CLANG_WARN_BOOL_CONVERSION = YES;
				CLANG_WARN_CONSTANT_CONVERSION = YES;
				CLANG_WARN_DIRECT_OBJC_ISA_USAGE = YES_ERROR;
				CLANG_WARN_EMPTY_BODY = YES;
				CLANG_WARN_ENUM_CONVERSION = YES;
				CLANG_WARN_INT_CONVERSION = YES;
				CLANG_WARN_OBJC_ROOT_CLASS = YES_ERROR;
				CLANG_WARN_UNREACHABLE_CODE = YES;
				CLANG_WARN__DUPLICATE_METHOD_MATCH = YES;
				"CODE_SIGN_IDENTITY[sdk=iphoneos*]" = "iPhone Developer";
				COPY_PHASE_STRIP = NO;
				DEBUG_INFORMATION_FORMAT = "dwarf-with-dsym";
				ENABLE_NS_ASSERTIONS = NO;
				ENABLE_STRICT_OBJC_MSGSEND = YES;
				GCC_C_LANGUAGE_STANDARD = gnu99;
				GCC_NO_COMMON_BLOCKS = YES;
				GCC_WARN_64_TO_32_BIT_CONVERSION = YES;
				GCC_WARN_ABOUT_RETURN_TYPE = YES_ERROR;
				GCC_WARN_UNDECLARED_SELECTOR = YES;
				GCC_WARN_UNINITIALIZED_AUTOS = YES_AGGRESSIVE;
				GCC_WARN_UNUSED_FUNCTION = YES;
				GCC_WARN_UNUSED_VARIABLE = YES;
				IPHONEOS_DEPLOYMENT_TARGET = 8.3;
				MTL_ENABLE_DEBUG_INFO = NO;
				SDKROOT = iphoneos;
				VALIDATE_PRODUCT = YES;
			};
			name = Release;
		};
		E66CB8691B3B0D7500BF0231 /* Debug */ = {
			isa = XCBuildConfiguration;
			buildSettings = {
				ASSETCATALOG_COMPILER_APPICON_NAME = AppIcon;
				INFOPLIST_FILE = Stormy/Info.plist;
				LD_RUNPATH_SEARCH_PATHS = "$(inherited) @executable_path/Frameworks";
				PRODUCT_NAME = "$(TARGET_NAME)";
			};
			name = Debug;
		};
		E66CB86A1B3B0D7500BF0231 /* Release */ = {
			isa = XCBuildConfiguration;
			buildSettings = {
				ASSETCATALOG_COMPILER_APPICON_NAME = AppIcon;
				INFOPLIST_FILE = Stormy/Info.plist;
				LD_RUNPATH_SEARCH_PATHS = "$(inherited) @executable_path/Frameworks";
				PRODUCT_NAME = "$(TARGET_NAME)";
			};
			name = Release;
		};
		E66CB86C1B3B0D7500BF0231 /* Debug */ = {
			isa = XCBuildConfiguration;
			buildSettings = {
				BUNDLE_LOADER = "$(TEST_HOST)";
				FRAMEWORK_SEARCH_PATHS = (
					"$(SDKROOT)/Developer/Library/Frameworks",
					"$(inherited)",
				);
				GCC_PREPROCESSOR_DEFINITIONS = (
					"DEBUG=1",
					"$(inherited)",
				);
				INFOPLIST_FILE = StormyTests/Info.plist;
				LD_RUNPATH_SEARCH_PATHS = "$(inherited) @executable_path/Frameworks @loader_path/Frameworks";
				PRODUCT_NAME = "$(TARGET_NAME)";
				TEST_HOST = "$(BUILT_PRODUCTS_DIR)/Stormy.app/Stormy";
			};
			name = Debug;
		};
		E66CB86D1B3B0D7500BF0231 /* Release */ = {
			isa = XCBuildConfiguration;
			buildSettings = {
				BUNDLE_LOADER = "$(TEST_HOST)";
				FRAMEWORK_SEARCH_PATHS = (
					"$(SDKROOT)/Developer/Library/Frameworks",
					"$(inherited)",
				);
				INFOPLIST_FILE = StormyTests/Info.plist;
				LD_RUNPATH_SEARCH_PATHS = "$(inherited) @executable_path/Frameworks @loader_path/Frameworks";
				PRODUCT_NAME = "$(TARGET_NAME)";
				TEST_HOST = "$(BUILT_PRODUCTS_DIR)/Stormy.app/Stormy";
			};
			name = Release;
		};
/* End XCBuildConfiguration section */

/* Begin XCConfigurationList section */
		E66CB8441B3B0D7500BF0231 /* Build configuration list for PBXProject "Stormy" */ = {
			isa = XCConfigurationList;
			buildConfigurations = (
				E66CB8661B3B0D7500BF0231 /* Debug */,
				E66CB8671B3B0D7500BF0231 /* Release */,
			);
			defaultConfigurationIsVisible = 0;
			defaultConfigurationName = Release;
		};
		E66CB8681B3B0D7500BF0231 /* Build configuration list for PBXNativeTarget "Stormy" */ = {
			isa = XCConfigurationList;
			buildConfigurations = (
				E66CB8691B3B0D7500BF0231 /* Debug */,
				E66CB86A1B3B0D7500BF0231 /* Release */,
			);
			defaultConfigurationIsVisible = 0;
		};
		E66CB86B1B3B0D7500BF0231 /* Build configuration list for PBXNativeTarget "StormyTests" */ = {
			isa = XCConfigurationList;
			buildConfigurations = (
				E66CB86C1B3B0D7500BF0231 /* Debug */,
				E66CB86D1B3B0D7500BF0231 /* Release */,
			);
			defaultConfigurationIsVisible = 0;
		};
/* End XCConfigurationList section */
	};
	rootObject = E66CB8411B3B0D7500BF0231 /* Project object */;
}
